{
  "version": 4,
  "terraform_version": "0.14.10",
  "serial": 86,
  "lineage": "3afe2803-28c1-c1cd-702c-8dc2f6edbdef",
  "outputs": {
    "instance_host_name": {
      "value": "172.18.0.3",
      "type": "string"
    },
    "instance_ip_addr": {
      "value": "172.18.0.2",
      "type": "string"
    }
  },
  "resources": [
    {
      "mode": "managed",
      "type": "docker_container",
      "name": "nginx",
      "provider": "provider[\"registry.terraform.io/terraform-providers/docker\"]",
      "instances": [
        {
          "schema_version": 2,
          "attributes": {
            "attach": false,
            "bridge": "",
            "capabilities": [],
            "command": [
              "nginx",
              "-g",
              "daemon off;"
            ],
            "container_logs": null,
            "cpu_set": "",
            "cpu_shares": 0,
            "destroy_grace_seconds": null,
            "devices": [],
            "dns": [],
            "dns_opts": [],
            "dns_search": null,
            "domainname": "",
            "entrypoint": [
              "/docker-entrypoint.sh"
            ],
            "env": null,
            "exit_code": null,
            "gateway": "172.18.0.1",
            "group_add": null,
            "healthcheck": [],
            "host": [],
            "hostname": "d136a4ef253c",
            "id": "d136a4ef253c6250baa7f9566d4c64f3bda37b1cc1618c72ec228816135b9e16",
            "image": "sha256:62d49f9bab67f7c70ac3395855bf01389eb3175b374e621f6f191bf31b54cd5b",
            "ip_address": "172.18.0.2",
            "ip_prefix_length": 16,
            "ipc_mode": "private",
            "labels": [],
            "links": null,
            "log_driver": "json-file",
            "log_opts": {},
            "logs": false,
            "max_retry_count": 0,
            "memory": 0,
            "memory_swap": 0,
            "mounts": [],
            "must_run": true,
            "name": "tutorial_nginx",
            "network_alias": null,
            "network_data": [
              {
                "gateway": "172.18.0.1",
                "ip_address": "172.18.0.2",
                "ip_prefix_length": 16,
                "network_name": "my_docker_network"
              }
            ],
            "network_mode": "default",
            "networks": null,
            "networks_advanced": [
              {
                "aliases": [],
                "ipv4_address": "",
                "ipv6_address": "",
                "name": "my_docker_network"
              }
            ],
            "pid_mode": "",
            "ports": [
              {
                "external": 8000,
                "internal": 80,
                "ip": "0.0.0.0",
                "protocol": "tcp"
              }
            ],
            "privileged": false,
            "publish_all_ports": false,
            "read_only": false,
            "restart": "always",
            "rm": false,
            "shm_size": 64,
            "start": true,
            "sysctls": null,
            "tmpfs": null,
            "ulimit": [],
            "upload": [
              {
                "content": "",
                "content_base64": "",
                "executable": false,
                "file": "/etc/nginx/conf.d/default.conf",
                "source": "site.conf",
                "source_hash": "I1NlcnZlciBjb25maWcNCg0Kc2VydmVyIHsNCiAgICBsaXN0ZW4gODA7DQogICAgaW5kZXggaW5kZXgucGhwIGluZGV4Lmh0bWw7DQogICAgc2VydmVyX25hbWUgdHV0b3JpYWxfbmdpbng7DQogICAgZXJyb3JfbG9nICAvdmFyL2xvZy9uZ2lueC9lcnJvci5sb2c7DQogICAgYWNjZXNzX2xvZyAvdmFyL2xvZy9uZ2lueC9hY2Nlc3MubG9nOw0KICAgIHJvb3QgL2NvZGU7DQoNCiAgICBsb2NhdGlvbiB+IFwucGhwJCB7DQogICAgICAgIHRyeV9maWxlcyAkdXJpID00MDQ7DQogICAgICAgIGZhc3RjZ2lfc3BsaXRfcGF0aF9pbmZvIF4oLitcLnBocCkoLy4rKSQ7DQogICAgICAgIGZhc3RjZ2lfcGFzcyB0dXRvcmlhbF9waHA6OTAwMDsNCiAgICAgICAgZmFzdGNnaV9pbmRleCBpbmRleC5waHA7DQogICAgICAgIGluY2x1ZGUgZmFzdGNnaV9wYXJhbXM7DQogICAgICAgIGZhc3RjZ2lfcGFyYW0gU0NSSVBUX0ZJTEVOQU1FICRkb2N1bWVudF9yb290JGZhc3RjZ2lfc2NyaXB0X25hbWU7DQogICAgICAgIGZhc3RjZ2lfcGFyYW0gUEFUSF9JTkZPICRmYXN0Y2dpX3BhdGhfaW5mbzsNCiAgICB9DQp9"
              }
            ],
            "user": "",
            "userns_mode": "",
            "volumes": [
              {
                "container_path": "/code",
                "from_container": "",
                "host_path": "/E/Documents/Data/Git/hello_world/code",
                "read_only": null,
                "volume_name": ""
              }
            ],
            "working_dir": ""
          },
          "sensitive_attributes": [],
          "private": "eyJzY2hlbWFfdmVyc2lvbiI6IjIifQ==",
          "dependencies": [
            "docker_image.nginx"
          ]
        }
      ]
    },
    {
      "mode": "managed",
      "type": "docker_container",
      "name": "php",
      "provider": "provider[\"registry.terraform.io/terraform-providers/docker\"]",
      "instances": [
        {
          "schema_version": 2,
          "attributes": {
            "attach": false,
            "bridge": "",
            "capabilities": [],
            "command": [
              "php-fpm"
            ],
            "container_logs": null,
            "cpu_set": "",
            "cpu_shares": 0,
            "destroy_grace_seconds": null,
            "devices": [],
            "dns": [],
            "dns_opts": [],
            "dns_search": null,
            "domainname": "",
            "entrypoint": [
              "docker-php-entrypoint"
            ],
            "env": null,
            "exit_code": null,
            "gateway": "172.18.0.1",
            "group_add": null,
            "healthcheck": [],
            "host": [],
            "hostname": "0d1342b91987",
            "id": "0d1342b91987aa453d348ebfa4ccb93eace43fd5e6689845e51c6dab5cec05cd",
            "image": "sha256:41b17b0f90e695a84d001695ecc1a9f1fb1515d50fc9db7b0146683bab7c1e7d",
            "ip_address": "172.18.0.3",
            "ip_prefix_length": 16,
            "ipc_mode": "private",
            "labels": [],
            "links": null,
            "log_driver": "json-file",
            "log_opts": {},
            "logs": false,
            "max_retry_count": 0,
            "memory": 0,
            "memory_swap": 0,
            "mounts": [],
            "must_run": true,
            "name": "tutorial_php",
            "network_alias": null,
            "network_data": [
              {
                "gateway": "172.18.0.1",
                "ip_address": "172.18.0.3",
                "ip_prefix_length": 16,
                "network_name": "my_docker_network"
              }
            ],
            "network_mode": "default",
            "networks": null,
            "networks_advanced": [
              {
                "aliases": [],
                "ipv4_address": "",
                "ipv6_address": "",
                "name": "my_docker_network"
              }
            ],
            "pid_mode": "",
            "ports": [],
            "privileged": false,
            "publish_all_ports": false,
            "read_only": false,
            "restart": "always",
            "rm": false,
            "shm_size": 64,
            "start": true,
            "sysctls": null,
            "tmpfs": null,
            "ulimit": [],
            "upload": [],
            "user": "",
            "userns_mode": "",
            "volumes": [
              {
                "container_path": "/code",
                "from_container": "",
                "host_path": "/E/Documents/Data/Git/hello_world/code",
                "read_only": null,
                "volume_name": ""
              }
            ],
            "working_dir": "/var/www/html"
          },
          "sensitive_attributes": [],
          "private": "eyJzY2hlbWFfdmVyc2lvbiI6IjIifQ==",
          "dependencies": [
            "docker_image.php"
          ]
        }
      ]
    },
    {
      "mode": "managed",
      "type": "docker_image",
      "name": "nginx",
      "provider": "provider[\"registry.terraform.io/terraform-providers/docker\"]",
      "instances": [
        {
          "schema_version": 0,
          "attributes": {
            "id": "sha256:62d49f9bab67f7c70ac3395855bf01389eb3175b374e621f6f191bf31b54cd5bnginx:latest",
            "keep_locally": false,
            "latest": "sha256:62d49f9bab67f7c70ac3395855bf01389eb3175b374e621f6f191bf31b54cd5b",
            "name": "nginx:latest",
            "pull_trigger": null,
            "pull_triggers": null
          },
          "sensitive_attributes": [],
          "private": "bnVsbA=="
        }
      ]
    },
    {
      "mode": "managed",
      "type": "docker_image",
      "name": "php",
      "provider": "provider[\"registry.terraform.io/terraform-providers/docker\"]",
      "instances": [
        {
          "schema_version": 0,
          "attributes": {
            "id": "sha256:41b17b0f90e695a84d001695ecc1a9f1fb1515d50fc9db7b0146683bab7c1e7dphp:7-fpm",
            "keep_locally": false,
            "latest": "sha256:41b17b0f90e695a84d001695ecc1a9f1fb1515d50fc9db7b0146683bab7c1e7d",
            "name": "php:7-fpm",
            "pull_trigger": null,
            "pull_triggers": null
          },
          "sensitive_attributes": [],
          "private": "bnVsbA=="
        }
      ]
    },
    {
      "mode": "managed",
      "type": "docker_network",
      "name": "private_network",
      "provider": "provider[\"registry.terraform.io/terraform-providers/docker\"]",
      "instances": [
        {
          "schema_version": 1,
          "attributes": {
            "attachable": false,
            "check_duplicate": null,
            "driver": "bridge",
            "id": "57b0f1c52c02d5de6f26bf48bcc69a617329393208f6a352dda533fe29bb46fe",
            "ingress": false,
            "internal": false,
            "ipam_config": [
              {
                "aux_address": {},
                "gateway": "172.18.0.1",
                "ip_range": "",
                "subnet": "172.18.0.0/16"
              }
            ],
            "ipam_driver": "default",
            "ipv6": false,
            "labels": [],
            "name": "my_docker_network",
            "options": {},
            "scope": "local"
          },
          "sensitive_attributes": [],
          "private": "eyJzY2hlbWFfdmVyc2lvbiI6IjEifQ=="
        }
      ]
    }
  ]
}
