{
  "version": 4,
  "terraform_version": "0.14.10",
  "serial": 71,
  "lineage": "3afe2803-28c1-c1cd-702c-8dc2f6edbdef",
  "outputs": {
    "instance_host_name": {
      "value": "172.19.0.3",
      "type": "string"
    },
    "instance_ip_addr": {
      "value": "172.19.0.2",
      "type": "string"
    }
  },
  "resources": [
    {
      "mode": "managed",
      "type": "docker_container",
      "name": "nginx",
      "provider": "provider[\"registry.terraform.io/terraform-providers/docker\"]",
      "instances": [
        {
          "schema_version": 2,
          "attributes": {
            "attach": false,
            "bridge": "",
            "capabilities": [],
            "command": [
              "nginx",
              "-g",
              "daemon off;"
            ],
            "container_logs": null,
            "cpu_set": "",
            "cpu_shares": 0,
            "destroy_grace_seconds": null,
            "devices": [],
            "dns": [],
            "dns_opts": [],
            "dns_search": null,
            "domainname": "",
            "entrypoint": [
              "/docker-entrypoint.sh"
            ],
            "env": null,
            "exit_code": null,
            "gateway": "172.19.0.1",
            "group_add": null,
            "healthcheck": [],
            "host": [],
            "hostname": "290560f52014",
            "id": "290560f52014de349aefc15eab135b350f2eaf283a0b70baf53bafd6d5d6900d",
            "image": "sha256:62d49f9bab67f7c70ac3395855bf01389eb3175b374e621f6f191bf31b54cd5b",
            "ip_address": "172.19.0.2",
            "ip_prefix_length": 16,
            "ipc_mode": "private",
            "labels": [],
            "links": null,
            "log_driver": "json-file",
            "log_opts": {},
            "logs": false,
            "max_retry_count": 0,
            "memory": 0,
            "memory_swap": 0,
            "mounts": [],
            "must_run": true,
            "name": "tutorial_nginx",
            "network_alias": null,
            "network_data": [
              {
                "gateway": "172.19.0.1",
                "ip_address": "172.19.0.2",
                "ip_prefix_length": 16,
                "network_name": "my_docker_network"
              }
            ],
            "network_mode": "default",
            "networks": null,
            "networks_advanced": [
              {
                "aliases": [],
                "ipv4_address": "",
                "ipv6_address": "",
                "name": "my_docker_network"
              }
            ],
            "pid_mode": "",
            "ports": [
              {
                "external": 8000,
                "internal": 80,
                "ip": "0.0.0.0",
                "protocol": "tcp"
              }
            ],
            "privileged": false,
            "publish_all_ports": false,
            "read_only": false,
            "restart": "always",
            "rm": false,
            "shm_size": 64,
            "start": true,
            "sysctls": null,
            "tmpfs": null,
            "ulimit": [],
            "upload": [
              {
                "content": "",
                "content_base64": "",
                "executable": false,
                "file": "/etc/nginx/conf.d/default.conf",
                "source": "site.conf",
                "source_hash": "I1NlcnZlciBjb25maWcNCnNlcnZlciB7DQogICAgbGlzdGVuIDgwOw0KICAgIGluZGV4IGluZGV4LnBocCBpbmRleC5odG1sOw0KICAgIHNlcnZlcl9uYW1lIHR1dG9yaWFsX25naW54Ow0KICAgIGVycm9yX2xvZyAgL3Zhci9sb2cvbmdpbngvZXJyb3IubG9nOw0KICAgIGFjY2Vzc19sb2cgL3Zhci9sb2cvbmdpbngvYWNjZXNzLmxvZzsNCiAgICByb290IC9jb2RlOw0KDQogICAgbG9jYXRpb24gfiBcLnBocCQgew0KICAgICAgICB0cnlfZmlsZXMgJHVyaSA9NDA0Ow0KICAgICAgICBmYXN0Y2dpX3NwbGl0X3BhdGhfaW5mbyBeKC4rXC5waHApKC8uKykkOw0KICAgICAgICBmYXN0Y2dpX3Bhc3MgdHV0b3JpYWxfcGhwOjkwMDA7DQogICAgICAgIGZhc3RjZ2lfaW5kZXggaW5kZXgucGhwOw0KICAgICAgICBpbmNsdWRlIGZhc3RjZ2lfcGFyYW1zOw0KICAgICAgICBmYXN0Y2dpX3BhcmFtIFNDUklQVF9GSUxFTkFNRSAkZG9jdW1lbnRfcm9vdCRmYXN0Y2dpX3NjcmlwdF9uYW1lOw0KICAgICAgICBmYXN0Y2dpX3BhcmFtIFBBVEhfSU5GTyAkZmFzdGNnaV9wYXRoX2luZm87DQogICAgfQ0KfQ=="
              }
            ],
            "user": "",
            "userns_mode": "",
            "volumes": [
              {
                "container_path": "/code",
                "from_container": "",
                "host_path": "/E/Documents/Data/Git/hello_world/code",
                "read_only": null,
                "volume_name": ""
              }
            ],
            "working_dir": ""
          },
          "sensitive_attributes": [],
          "private": "eyJzY2hlbWFfdmVyc2lvbiI6IjIifQ==",
          "dependencies": [
            "docker_image.nginx"
          ]
        }
      ]
    },
    {
      "mode": "managed",
      "type": "docker_container",
      "name": "php",
      "provider": "provider[\"registry.terraform.io/terraform-providers/docker\"]",
      "instances": [
        {
          "schema_version": 2,
          "attributes": {
            "attach": false,
            "bridge": "",
            "capabilities": [],
            "command": [
              "php-fpm"
            ],
            "container_logs": null,
            "cpu_set": "",
            "cpu_shares": 0,
            "destroy_grace_seconds": null,
            "devices": [],
            "dns": [],
            "dns_opts": [],
            "dns_search": [],
            "domainname": "",
            "entrypoint": [
              "docker-php-entrypoint"
            ],
            "env": null,
            "exit_code": null,
            "gateway": "172.19.0.1",
            "group_add": [],
            "healthcheck": [],
            "host": [],
            "hostname": "php",
            "id": "625da9ff8948c8498225cf4c72ebc61e6f427754211c68d995f32033dbcd13d3",
            "image": "sha256:41b17b0f90e695a84d001695ecc1a9f1fb1515d50fc9db7b0146683bab7c1e7d",
            "ip_address": "172.19.0.3",
            "ip_prefix_length": 16,
            "ipc_mode": "private",
            "labels": [],
            "links": [],
            "log_driver": "json-file",
            "log_opts": {},
            "logs": false,
            "max_retry_count": 0,
            "memory": 0,
            "memory_swap": 0,
            "mounts": [],
            "must_run": true,
            "name": "tutorial_php",
            "network_alias": null,
            "network_data": [
              {
                "gateway": "172.19.0.1",
                "ip_address": "172.19.0.3",
                "ip_prefix_length": 16,
                "network_name": "my_docker_network"
              }
            ],
            "network_mode": "default",
            "networks": null,
            "networks_advanced": [
              {
                "aliases": [],
                "ipv4_address": "",
                "ipv6_address": "",
                "name": "my_docker_network"
              }
            ],
            "pid_mode": "",
            "ports": [],
            "privileged": false,
            "publish_all_ports": false,
            "read_only": false,
            "restart": "always",
            "rm": false,
            "shm_size": 64,
            "start": true,
            "sysctls": {},
            "tmpfs": {},
            "ulimit": [],
            "upload": [],
            "user": "",
            "userns_mode": "",
            "volumes": [
              {
                "container_path": "/code",
                "from_container": "",
                "host_path": "/E/Documents/Data/Git/hello_world/code",
                "read_only": false,
                "volume_name": ""
              }
            ],
            "working_dir": "/var/www/html"
          },
          "sensitive_attributes": [],
          "private": "eyJzY2hlbWFfdmVyc2lvbiI6IjIifQ==",
          "dependencies": [
            "docker_image.php"
          ]
        }
      ]
    },
    {
      "mode": "managed",
      "type": "docker_image",
      "name": "nginx",
      "provider": "provider[\"registry.terraform.io/terraform-providers/docker\"]",
      "instances": [
        {
          "schema_version": 0,
          "attributes": {
            "id": "sha256:62d49f9bab67f7c70ac3395855bf01389eb3175b374e621f6f191bf31b54cd5bnginx:latest",
            "keep_locally": false,
            "latest": "sha256:62d49f9bab67f7c70ac3395855bf01389eb3175b374e621f6f191bf31b54cd5b",
            "name": "nginx:latest",
            "pull_trigger": null,
            "pull_triggers": null
          },
          "sensitive_attributes": [],
          "private": "bnVsbA=="
        }
      ]
    },
    {
      "mode": "managed",
      "type": "docker_image",
      "name": "php",
      "provider": "provider[\"registry.terraform.io/terraform-providers/docker\"]",
      "instances": [
        {
          "schema_version": 0,
          "attributes": {
            "id": "sha256:41b17b0f90e695a84d001695ecc1a9f1fb1515d50fc9db7b0146683bab7c1e7dphp:7-fpm",
            "keep_locally": false,
            "latest": "sha256:41b17b0f90e695a84d001695ecc1a9f1fb1515d50fc9db7b0146683bab7c1e7d",
            "name": "php:7-fpm",
            "pull_trigger": null,
            "pull_triggers": null
          },
          "sensitive_attributes": [],
          "private": "bnVsbA=="
        }
      ]
    },
    {
      "mode": "managed",
      "type": "docker_network",
      "name": "private_network",
      "provider": "provider[\"registry.terraform.io/terraform-providers/docker\"]",
      "instances": [
        {
          "schema_version": 1,
          "attributes": {
            "attachable": false,
            "check_duplicate": null,
            "driver": "bridge",
            "id": "fb51dcd7dce6b41dec7c4ac57aad2f537c443b564dfd5aa58db7de1910b59b23",
            "ingress": false,
            "internal": false,
            "ipam_config": [
              {
                "aux_address": {},
                "gateway": "172.19.0.1",
                "ip_range": "",
                "subnet": "172.19.0.0/16"
              }
            ],
            "ipam_driver": "default",
            "ipv6": false,
            "labels": [],
            "name": "my_docker_network",
            "options": {},
            "scope": "local"
          },
          "sensitive_attributes": [],
          "private": "eyJzY2hlbWFfdmVyc2lvbiI6IjEifQ=="
        }
      ]
    }
  ]
}
